
Microsoft Visual Studio Solution File, Format Version 11.00
# Visual Studio 2010
Project("{2150E333-8FDC-42A3-9474-1A3956D46DE8}") = "Solution Items", "Solution Items", "{C27AD8D7-BE62-4A13-8857-368B555D3385}"
	ProjectSection(SolutionItems) = preProject
		LocalTestRun.testrunconfig = LocalTestRun.testrunconfig
		NCalc.20.vsmdi = NCalc.20.vsmdi
		NCalc.vsmdi = NCalc.vsmdi
	EndProjectSection
EndProject
Project("{FAE04EC0-301F-11D3-BF4B-00C04F79EFBC}") = "NCalc", "Evaluant.Calculator\NCalc.csproj", "{5F014003-50D8-49E0-8AFE-91D38DCCC97C}"
EndProject
Project("{FAE04EC0-301F-11D3-BF4B-00C04F79EFBC}") = "NCalc.Play", "Evaluant.Calculator.Play\NCalc.Play.csproj", "{4183699B-5B7E-4294-9807-9709BAD86477}"
EndProject
Project("{FAE04EC0-301F-11D3-BF4B-00C04F79EFBC}") = "NCalc.Tests", "Evaluant.Calculator.Tests\NCalc.Tests.csproj", "{F8E5E800-F842-4F84-A0C6-B3E1E5DB2BB4}"
EndProject
Global
	GlobalSection(TestCaseManagementSettings) = postSolution
		CategoryFile = NCalc.vsmdi
	EndGlobalSection
	GlobalSection(SolutionConfigurationPlatforms) = preSolution
		Debug|Any CPU = Debug|Any CPU
		Release|Any CPU = Release|Any CPU
	EndGlobalSection
	GlobalSection(ProjectConfigurationPlatforms) = postSolution
		{5F014003-50D8-49E0-8AFE-91D38DCCC97C}.Debug|Any CPU.ActiveCfg = Debug|Any CPU
		{5F014003-50D8-49E0-8AFE-91D38DCCC97C}.Debug|Any CPU.Build.0 = Debug|Any CPU
		{5F014003-50D8-49E0-8AFE-91D38DCCC97C}.Release|Any CPU.ActiveCfg = Release|Any CPU
		{5F014003-50D8-49E0-8AFE-91D38DCCC97C}.Release|Any CPU.Build.0 = Release|Any CPU
		{4183699B-5B7E-4294-9807-9709BAD86477}.Debug|Any CPU.ActiveCfg = Debug|Any CPU
		{4183699B-5B7E-4294-9807-9709BAD86477}.Debug|Any CPU.Build.0 = Debug|Any CPU
		{4183699B-5B7E-4294-9807-9709BAD86477}.Release|Any CPU.ActiveCfg = Release|Any CPU
		{4183699B-5B7E-4294-9807-9709BAD86477}.Release|Any CPU.Build.0 = Release|Any CPU
		{F8E5E800-F842-4F84-A0C6-B3E1E5DB2BB4}.Debug|Any CPU.ActiveCfg = Debug|Any CPU
		{F8E5E800-F842-4F84-A0C6-B3E1E5DB2BB4}.Debug|Any CPU.Build.0 = Debug|Any CPU
		{F8E5E800-F842-4F84-A0C6-B3E1E5DB2BB4}.Release|Any CPU.ActiveCfg = Release|Any CPU
		{F8E5E800-F842-4F84-A0C6-B3E1E5DB2BB4}.Release|Any CPU.Build.0 = Release|Any CPU
	EndGlobalSection
	GlobalSection(SolutionProperties) = preSolution
		HideSolutionNode = FALSE
	EndGlobalSection
EndGlobal
