
Microsoft Visual Studio Solution File, Format Version 12.00
# Visual Studio Version 17
VisualStudioVersion = 17.9.34902.65
MinimumVisualStudioVersion = 10.0.40219.1
Project("{2150E333-8FDC-42A3-9474-1A3956D46DE8}") = "0. Solution Items", "0. Solution Items", "{C27AD8D7-BE62-4A13-8857-368B555D3385}"
	ProjectSection(SolutionItems) = preProject
		.editorconfig = .editorconfig
		.gitignore = .gitignore
		appveyor.yml = appveyor.yml
		CHANGELOG.md = CHANGELOG.md
		Directory.Build.props = Directory.Build.props
		.github\workflows\dotnet.yml = .github\workflows\dotnet.yml
		.github\workflows\publish-nuget.yml = .github\workflows\publish-nuget.yml
		README.md = README.md
		version.json = version.json
	EndProjectSection
EndProject
Project("{9A19103F-16F7-4668-BE54-9A1E7A4F7556}") = "NCalc.Tests", "test\NCalc.Tests\NCalc.Tests.csproj", "{F8E5E800-F842-4F84-A0C6-B3E1E5DB2BB4}"
EndProject
Project("{9A19103F-16F7-4668-BE54-9A1E7A4F7556}") = "NCalc.Sync", "src\NCalc.Sync\NCalc.Sync.csproj", "{252E5F34-FA82-488A-939D-EF8DDAAB7D2A}"
EndProject
Project("{9A19103F-16F7-4668-BE54-9A1E7A4F7556}") = "NCalc.Docs", "docs\NCalc.Docs.csproj", "{FC5C9A17-744F-4F97-B0FC-330B0514B395}"
EndProject
Project("{9A19103F-16F7-4668-BE54-9A1E7A4F7556}") = "NCalc.Play", "test\NCalc.Play\NCalc.Play.csproj", "{C36CFACB-111E-45F6-94A8-ED9A084C6410}"
EndProject
Project("{FAE04EC0-301F-11D3-BF4B-00C04F79EFBC}") = "NCalc.DependencyInjection", "src\NCalc.DependencyInjection\NCalc.DependencyInjection.csproj", "{1201E3C1-1973-49DF-8D67-7763DD6DA570}"
EndProject
Project("{2150E333-8FDC-42A3-9474-1A3956D46DE8}") = "2. Plugins", "2. Plugins", "{EA9E75C0-E2D9-40FC-8642-407A327561D1}"
	ProjectSection(SolutionItems) = preProject
		src\Plugins\Directory.Build.props = src\Plugins\Directory.Build.props
	EndProjectSection
EndProject
Project("{FAE04EC0-301F-11D3-BF4B-00C04F79EFBC}") = "NCalc.MemoryCache", "src\Plugins\NCalc.MemoryCache\NCalc.MemoryCache.csproj", "{8C8E6031-247B-4B56-B2DF-6DB9023CDCF2}"
EndProject
Project("{FAE04EC0-301F-11D3-BF4B-00C04F79EFBC}") = "NCalc.Antlr", "src\Plugins\NCalc.Antlr\NCalc.Antlr.csproj", "{78E2D7EB-6FC3-4668-9F23-95967A301CC3}"
EndProject
Project("{2150E333-8FDC-42A3-9474-1A3956D46DE8}") = "3. Tests and Examples", "3. Tests and Examples", "{C6FBA292-F491-45A2-BE21-2F4A2B4B689F}"
EndProject
Project("{2150E333-8FDC-42A3-9474-1A3956D46DE8}") = "1. Docs", "1. Docs", "{A65E42B9-EEE8-49E5-B6FF-5A1214E19580}"
	ProjectSection(SolutionItems) = preProject
		.github\workflows\docs.yml = .github\workflows\docs.yml
	EndProjectSection
EndProject
Project("{FAE04EC0-301F-11D3-BF4B-00C04F79EFBC}") = "NCalc", "src\NCalc\NCalc.csproj", "{B0928742-B4DF-4D52-A048-553A11D69B83}"
EndProject
Project("{FAE04EC0-301F-11D3-BF4B-00C04F79EFBC}") = "NCalc.Async", "src\NCalc.Async\NCalc.Async.csproj", "{A9F7265C-4D93-4994-8BFF-81BE9FCC4325}"
EndProject
Global
	GlobalSection(SolutionConfigurationPlatforms) = preSolution
		Debug|Any CPU = Debug|Any CPU
		Release|Any CPU = Release|Any CPU
		SignedRelease|Any CPU = SignedRelease|Any CPU
	EndGlobalSection
	GlobalSection(ProjectConfigurationPlatforms) = postSolution
		{F8E5E800-F842-4F84-A0C6-B3E1E5DB2BB4}.Debug|Any CPU.ActiveCfg = Debug|Any CPU
		{F8E5E800-F842-4F84-A0C6-B3E1E5DB2BB4}.Debug|Any CPU.Build.0 = Debug|Any CPU
		{F8E5E800-F842-4F84-A0C6-B3E1E5DB2BB4}.Release|Any CPU.ActiveCfg = Release|Any CPU
		{F8E5E800-F842-4F84-A0C6-B3E1E5DB2BB4}.Release|Any CPU.Build.0 = Release|Any CPU
		{F8E5E800-F842-4F84-A0C6-B3E1E5DB2BB4}.SignedRelease|Any CPU.ActiveCfg = SignedRelease|Any CPU
		{F8E5E800-F842-4F84-A0C6-B3E1E5DB2BB4}.SignedRelease|Any CPU.Build.0 = SignedRelease|Any CPU
		{252E5F34-FA82-488A-939D-EF8DDAAB7D2A}.Debug|Any CPU.ActiveCfg = Debug|Any CPU
		{252E5F34-FA82-488A-939D-EF8DDAAB7D2A}.Debug|Any CPU.Build.0 = Debug|Any CPU
		{252E5F34-FA82-488A-939D-EF8DDAAB7D2A}.Release|Any CPU.ActiveCfg = Release|Any CPU
		{252E5F34-FA82-488A-939D-EF8DDAAB7D2A}.Release|Any CPU.Build.0 = Release|Any CPU
		{252E5F34-FA82-488A-939D-EF8DDAAB7D2A}.SignedRelease|Any CPU.ActiveCfg = SignedRelease|Any CPU
		{252E5F34-FA82-488A-939D-EF8DDAAB7D2A}.SignedRelease|Any CPU.Build.0 = SignedRelease|Any CPU
		{FC5C9A17-744F-4F97-B0FC-330B0514B395}.Debug|Any CPU.ActiveCfg = Debug|Any CPU
		{FC5C9A17-744F-4F97-B0FC-330B0514B395}.Debug|Any CPU.Build.0 = Debug|Any CPU
		{FC5C9A17-744F-4F97-B0FC-330B0514B395}.Release|Any CPU.ActiveCfg = Release|Any CPU
		{FC5C9A17-744F-4F97-B0FC-330B0514B395}.Release|Any CPU.Build.0 = Release|Any CPU
		{FC5C9A17-744F-4F97-B0FC-330B0514B395}.SignedRelease|Any CPU.ActiveCfg = SignedRelease|Any CPU
		{FC5C9A17-744F-4F97-B0FC-330B0514B395}.SignedRelease|Any CPU.Build.0 = SignedRelease|Any CPU
		{C36CFACB-111E-45F6-94A8-ED9A084C6410}.Debug|Any CPU.ActiveCfg = Debug|Any CPU
		{C36CFACB-111E-45F6-94A8-ED9A084C6410}.Debug|Any CPU.Build.0 = Debug|Any CPU
		{C36CFACB-111E-45F6-94A8-ED9A084C6410}.Release|Any CPU.ActiveCfg = Release|Any CPU
		{C36CFACB-111E-45F6-94A8-ED9A084C6410}.Release|Any CPU.Build.0 = Release|Any CPU
		{C36CFACB-111E-45F6-94A8-ED9A084C6410}.SignedRelease|Any CPU.ActiveCfg = SignedRelease|Any CPU
		{C36CFACB-111E-45F6-94A8-ED9A084C6410}.SignedRelease|Any CPU.Build.0 = SignedRelease|Any CPU
		{1201E3C1-1973-49DF-8D67-7763DD6DA570}.Debug|Any CPU.ActiveCfg = Debug|Any CPU
		{1201E3C1-1973-49DF-8D67-7763DD6DA570}.Debug|Any CPU.Build.0 = Debug|Any CPU
		{1201E3C1-1973-49DF-8D67-7763DD6DA570}.Release|Any CPU.ActiveCfg = Release|Any CPU
		{1201E3C1-1973-49DF-8D67-7763DD6DA570}.Release|Any CPU.Build.0 = Release|Any CPU
		{1201E3C1-1973-49DF-8D67-7763DD6DA570}.SignedRelease|Any CPU.ActiveCfg = Debug|Any CPU
		{1201E3C1-1973-49DF-8D67-7763DD6DA570}.SignedRelease|Any CPU.Build.0 = Debug|Any CPU
		{8C8E6031-247B-4B56-B2DF-6DB9023CDCF2}.Debug|Any CPU.ActiveCfg = Debug|Any CPU
		{8C8E6031-247B-4B56-B2DF-6DB9023CDCF2}.Debug|Any CPU.Build.0 = Debug|Any CPU
		{8C8E6031-247B-4B56-B2DF-6DB9023CDCF2}.Release|Any CPU.ActiveCfg = Release|Any CPU
		{8C8E6031-247B-4B56-B2DF-6DB9023CDCF2}.Release|Any CPU.Build.0 = Release|Any CPU
		{8C8E6031-247B-4B56-B2DF-6DB9023CDCF2}.SignedRelease|Any CPU.ActiveCfg = Debug|Any CPU
		{8C8E6031-247B-4B56-B2DF-6DB9023CDCF2}.SignedRelease|Any CPU.Build.0 = Debug|Any CPU
		{78E2D7EB-6FC3-4668-9F23-95967A301CC3}.Debug|Any CPU.ActiveCfg = Debug|Any CPU
		{78E2D7EB-6FC3-4668-9F23-95967A301CC3}.Debug|Any CPU.Build.0 = Debug|Any CPU
		{78E2D7EB-6FC3-4668-9F23-95967A301CC3}.Release|Any CPU.ActiveCfg = Release|Any CPU
		{78E2D7EB-6FC3-4668-9F23-95967A301CC3}.Release|Any CPU.Build.0 = Release|Any CPU
		{78E2D7EB-6FC3-4668-9F23-95967A301CC3}.SignedRelease|Any CPU.ActiveCfg = Debug|Any CPU
		{78E2D7EB-6FC3-4668-9F23-95967A301CC3}.SignedRelease|Any CPU.Build.0 = Debug|Any CPU
		{B0928742-B4DF-4D52-A048-553A11D69B83}.Debug|Any CPU.ActiveCfg = Debug|Any CPU
		{B0928742-B4DF-4D52-A048-553A11D69B83}.Debug|Any CPU.Build.0 = Debug|Any CPU
		{B0928742-B4DF-4D52-A048-553A11D69B83}.Release|Any CPU.ActiveCfg = Release|Any CPU
		{B0928742-B4DF-4D52-A048-553A11D69B83}.Release|Any CPU.Build.0 = Release|Any CPU
		{B0928742-B4DF-4D52-A048-553A11D69B83}.SignedRelease|Any CPU.ActiveCfg = Debug|Any CPU
		{B0928742-B4DF-4D52-A048-553A11D69B83}.SignedRelease|Any CPU.Build.0 = Debug|Any CPU
		{A9F7265C-4D93-4994-8BFF-81BE9FCC4325}.Debug|Any CPU.ActiveCfg = Debug|Any CPU
		{A9F7265C-4D93-4994-8BFF-81BE9FCC4325}.Debug|Any CPU.Build.0 = Debug|Any CPU
		{A9F7265C-4D93-4994-8BFF-81BE9FCC4325}.Release|Any CPU.ActiveCfg = Release|Any CPU
		{A9F7265C-4D93-4994-8BFF-81BE9FCC4325}.Release|Any CPU.Build.0 = Release|Any CPU
		{A9F7265C-4D93-4994-8BFF-81BE9FCC4325}.SignedRelease|Any CPU.ActiveCfg = Debug|Any CPU
		{A9F7265C-4D93-4994-8BFF-81BE9FCC4325}.SignedRelease|Any CPU.Build.0 = Debug|Any CPU
	EndGlobalSection
	GlobalSection(SolutionProperties) = preSolution
		HideSolutionNode = FALSE
	EndGlobalSection
	GlobalSection(NestedProjects) = preSolution
		{8C8E6031-247B-4B56-B2DF-6DB9023CDCF2} = {EA9E75C0-E2D9-40FC-8642-407A327561D1}
		{78E2D7EB-6FC3-4668-9F23-95967A301CC3} = {EA9E75C0-E2D9-40FC-8642-407A327561D1}
		{C36CFACB-111E-45F6-94A8-ED9A084C6410} = {C6FBA292-F491-45A2-BE21-2F4A2B4B689F}
		{F8E5E800-F842-4F84-A0C6-B3E1E5DB2BB4} = {C6FBA292-F491-45A2-BE21-2F4A2B4B689F}
		{FC5C9A17-744F-4F97-B0FC-330B0514B395} = {A65E42B9-EEE8-49E5-B6FF-5A1214E19580}
		{1201E3C1-1973-49DF-8D67-7763DD6DA570} = {EA9E75C0-E2D9-40FC-8642-407A327561D1}
	EndGlobalSection
	GlobalSection(ExtensibilityGlobals) = postSolution
		SolutionGuid = {27068E02-1682-44D7-819A-74759A261167}
	EndGlobalSection
	GlobalSection(TestCaseManagementSettings) = postSolution
		CategoryFile = NCalc.vsmdi
	EndGlobalSection
EndGlobal
