
Microsoft Visual Studio Solution File, Format Version 12.00
# Visual Studio 15
VisualStudioVersion = 15.0.27428.2027
MinimumVisualStudioVersion = 10.0.40219.1
Project("{2150E333-8FDC-42A3-9474-1A3956D46DE8}") = "Solution Items", "Solution Items", "{C27AD8D7-BE62-4A13-8857-368B555D3385}"
	ProjectSection(SolutionItems) = preProject
		.editorconfig = .editorconfig
		.gitignore = .gitignore
		CHANGELOG.md = CHANGELOG.md
		Directory.Build.props = Directory.Build.props
		README.md = README.md
		version.json = version.json
		LocalTestRun.testrunconfig = LocalTestRun.testrunconfig
		NCalc.20.vsmdi = NCalc.20.vsmdi
		NCalc.vsmdi = NCalc.vsmdi
		.github\workflows\dotnet.yml = .github\workflows\dotnet.yml
		.github\workflows\publish-nuget.yml = .github\workflows\publish-nuget.yml
		appveyor.yml = appveyor.yml
	EndProjectSection
EndProject
Project("{FAE04EC0-301F-11D3-BF4B-00C04F79EFBC}") = "NCalc.Play", "test\NCalc.Play\NCalc.Play.csproj", "{4183699B-5B7E-4294-9807-9709BAD86477}"
EndProject
Project("{FAE04EC0-301F-11D3-BF4B-00C04F79EFBC}") = "NCalc.Tests", "test\NCalc.Tests\NCalc.Tests.csproj", "{F8E5E800-F842-4F84-A0C6-B3E1E5DB2BB4}"
EndProject
Project("{9A19103F-16F7-4668-BE54-9A1E7A4F7556}") = "NCalc", "src\NCalc\NCalc.csproj", "{252E5F34-FA82-488A-939D-EF8DDAAB7D2A}"
EndProject
Global
	GlobalSection(SolutionConfigurationPlatforms) = preSolution
		Debug|Any CPU = Debug|Any CPU
		Release|Any CPU = Release|Any CPU
		SignedRelease|Any CPU = SignedRelease|Any CPU
	EndGlobalSection
	GlobalSection(ProjectConfigurationPlatforms) = postSolution
		{4183699B-5B7E-4294-9807-9709BAD86477}.Debug|Any CPU.ActiveCfg = Debug|Any CPU
		{4183699B-5B7E-4294-9807-9709BAD86477}.Debug|Any CPU.Build.0 = Debug|Any CPU
		{4183699B-5B7E-4294-9807-9709BAD86477}.Release|Any CPU.ActiveCfg = Release|Any CPU
		{4183699B-5B7E-4294-9807-9709BAD86477}.Release|Any CPU.Build.0 = Release|Any CPU
		{4183699B-5B7E-4294-9807-9709BAD86477}.SignedRelease|Any CPU.ActiveCfg = SignedRelease|Any CPU
		{4183699B-5B7E-4294-9807-9709BAD86477}.SignedRelease|Any CPU.Build.0 = SignedRelease|Any CPU
		{F8E5E800-F842-4F84-A0C6-B3E1E5DB2BB4}.Debug|Any CPU.ActiveCfg = Debug|Any CPU
		{F8E5E800-F842-4F84-A0C6-B3E1E5DB2BB4}.Debug|Any CPU.Build.0 = Debug|Any CPU
		{F8E5E800-F842-4F84-A0C6-B3E1E5DB2BB4}.Release|Any CPU.ActiveCfg = Release|Any CPU
		{F8E5E800-F842-4F84-A0C6-B3E1E5DB2BB4}.Release|Any CPU.Build.0 = Release|Any CPU
		{F8E5E800-F842-4F84-A0C6-B3E1E5DB2BB4}.SignedRelease|Any CPU.ActiveCfg = SignedRelease|Any CPU
		{F8E5E800-F842-4F84-A0C6-B3E1E5DB2BB4}.SignedRelease|Any CPU.Build.0 = SignedRelease|Any CPU
		{252E5F34-FA82-488A-939D-EF8DDAAB7D2A}.Debug|Any CPU.ActiveCfg = Debug|Any CPU
		{252E5F34-FA82-488A-939D-EF8DDAAB7D2A}.Debug|Any CPU.Build.0 = Debug|Any CPU
		{252E5F34-FA82-488A-939D-EF8DDAAB7D2A}.Release|Any CPU.ActiveCfg = Release|Any CPU
		{252E5F34-FA82-488A-939D-EF8DDAAB7D2A}.Release|Any CPU.Build.0 = Release|Any CPU
		{252E5F34-FA82-488A-939D-EF8DDAAB7D2A}.SignedRelease|Any CPU.ActiveCfg = SignedRelease|Any CPU
		{252E5F34-FA82-488A-939D-EF8DDAAB7D2A}.SignedRelease|Any CPU.Build.0 = SignedRelease|Any CPU
	EndGlobalSection
	GlobalSection(SolutionProperties) = preSolution
		HideSolutionNode = FALSE
	EndGlobalSection
	GlobalSection(ExtensibilityGlobals) = postSolution
		SolutionGuid = {27068E02-1682-44D7-819A-74759A261167}
	EndGlobalSection
	GlobalSection(TestCaseManagementSettings) = postSolution
		CategoryFile = NCalc.vsmdi
	EndGlobalSection
EndGlobal
