
Microsoft Visual Studio Solution File, Format Version 12.00
Project("{FAE04EC0-301F-11D3-BF4B-00C04F79EFBC}") = "NCalc.Benchmarks", "NCalc.Benchmarks.csproj", "{B85BCC8E-B63A-4291-A8D9-16733E19CC6E}"
EndProject
Project("{FAE04EC0-301F-11D3-BF4B-00C04F79EFBC}") = "NCalc", "..\..\src\NCalc\NCalc.csproj", "{0C8BD3F0-EA40-4989-A424-E2E6B65142EF}"
EndProject
Global
	GlobalSection(SolutionConfigurationPlatforms) = preSolution
		Debug|Any CPU = Debug|Any CPU
		Release|Any CPU = Release|Any CPU
		SignedRelease|Any CPU = SignedRelease|Any CPU
	EndGlobalSection
	GlobalSection(ProjectConfigurationPlatforms) = postSolution
		{B85BCC8E-B63A-4291-A8D9-16733E19CC6E}.Debug|Any CPU.ActiveCfg = Debug|Any CPU
		{B85BCC8E-B63A-4291-A8D9-16733E19CC6E}.Debug|Any CPU.Build.0 = Debug|Any CPU
		{B85BCC8E-B63A-4291-A8D9-16733E19CC6E}.Release|Any CPU.ActiveCfg = Release|Any CPU
		{B85BCC8E-B63A-4291-A8D9-16733E19CC6E}.Release|Any CPU.Build.0 = Release|Any CPU
		{B85BCC8E-B63A-4291-A8D9-16733E19CC6E}.SignedRelease|Any CPU.ActiveCfg = SignedRelease|Any CPU
		{B85BCC8E-B63A-4291-A8D9-16733E19CC6E}.SignedRelease|Any CPU.Build.0 = SignedRelease|Any CPU
		{0C8BD3F0-EA40-4989-A424-E2E6B65142EF}.Debug|Any CPU.ActiveCfg = Debug|Any CPU
		{0C8BD3F0-EA40-4989-A424-E2E6B65142EF}.Debug|Any CPU.Build.0 = Debug|Any CPU
		{0C8BD3F0-EA40-4989-A424-E2E6B65142EF}.Release|Any CPU.ActiveCfg = Release|Any CPU
		{0C8BD3F0-EA40-4989-A424-E2E6B65142EF}.Release|Any CPU.Build.0 = Release|Any CPU
		{0C8BD3F0-EA40-4989-A424-E2E6B65142EF}.SignedRelease|Any CPU.ActiveCfg = SignedRelease|Any CPU
		{0C8BD3F0-EA40-4989-A424-E2E6B65142EF}.SignedRelease|Any CPU.Build.0 = SignedRelease|Any CPU
	EndGlobalSection
EndGlobal
